
Microsoft Visual Studio Solution File, Format Version 12.00
# Visual Studio 15
VisualStudioVersion = 15.0.26730.15
MinimumVisualStudioVersion = 10.0.40219.1
Project("{FAE04EC0-301F-11D3-BF4B-00C04F79EFBC}") = "VkWPF", "VkWPF\VkWPF.csproj", "{D60D6708-A381-4E72-BC92-6FE437D3D995}"
EndProject
Project("{9A19103F-16F7-4668-BE54-9A1E7A4F7556}") = "VkNet", "vk-master\VkNet\VkNet.csproj", "{84F9EA0E-8803-4B4F-9D97-3E33F38AF325}"
EndProject
Global
	GlobalSection(SolutionConfigurationPlatforms) = preSolution
		Debug|Any CPU = Debug|Any CPU
		Release|Any CPU = Release|Any CPU
	EndGlobalSection
	GlobalSection(ProjectConfigurationPlatforms) = postSolution
		{D60D6708-A381-4E72-BC92-6FE437D3D995}.Debug|Any CPU.ActiveCfg = Debug|Any CPU
		{D60D6708-A381-4E72-BC92-6FE437D3D995}.Debug|Any CPU.Build.0 = Debug|Any CPU
		{D60D6708-A381-4E72-BC92-6FE437D3D995}.Release|Any CPU.ActiveCfg = Release|Any CPU
		{D60D6708-A381-4E72-BC92-6FE437D3D995}.Release|Any CPU.Build.0 = Release|Any CPU
		{84F9EA0E-8803-4B4F-9D97-3E33F38AF325}.Debug|Any CPU.ActiveCfg = Debug|Any CPU
		{84F9EA0E-8803-4B4F-9D97-3E33F38AF325}.Debug|Any CPU.Build.0 = Debug|Any CPU
		{84F9EA0E-8803-4B4F-9D97-3E33F38AF325}.Release|Any CPU.ActiveCfg = Release|Any CPU
		{84F9EA0E-8803-4B4F-9D97-3E33F38AF325}.Release|Any CPU.Build.0 = Release|Any CPU
	EndGlobalSection
	GlobalSection(SolutionProperties) = preSolution
		HideSolutionNode = FALSE
	EndGlobalSection
	GlobalSection(ExtensibilityGlobals) = postSolution
		SolutionGuid = {160E504C-4839-4E61-A8DC-B491680C7AFE}
	EndGlobalSection
EndGlobal
